{
  "name": "ember-frost-notifier",
  "version": "9.0.0",
  "lockfileVersion": 1,
  "requires": true,
  "dependencies": {
    "bower": {
      "version": "1.8.8",
      "resolved": "https://registry.npmjs.org/bower/-/bower-1.8.8.tgz",
      "integrity": "sha512-1SrJnXnkP9soITHptSO+ahx3QKp3cVzn8poI6ujqc5SeOkg5iqM1pK9H+DSc2OQ8SnO0jC/NG4Ur/UIwy7574A==",
      "dev": true
    },
    "broccoli-asset-rev": {
      "version": "2.7.0",
      "resolved": "https://registry.npmjs.org/broccoli-asset-rev/-/broccoli-asset-rev-2.7.0.tgz",
      "integrity": "sha512-GZ7gU3Qo6HMAUqDeh1q+4UVCQPJPjCyGcpIY5s9Qp58a244FT4nZSiy8qYkVC4LLIWTZt59G7jFFsUcj/13IPQ==",
      "dev": true,
      "dependencies": {
        "minimatch": {
          "version": "3.0.4",
          "resolved": "https://registry.npmjs.org/minimatch/-/minimatch-3.0.4.tgz",
          "integrity": "sha512-yJHVQEhyqPLUTgt9B83PXu6W3rx4MvvHvSUvToogpwoGDOUQ+yDrR0HRot+yOCdCO7u4hX3pWft6kWBBcqh0UA=="
        }
      }
    },
    "chai-jquery": {
      "version": "2.0.0",
      "resolved": "https://registry.npmjs.org/chai-jquery/-/chai-jquery-2.0.0.tgz",
      "integrity": "sha1-D0MEIwjddGMyvZgWSq70pPRboWc=",
      "dev": true
    },
    "ember-cli": {
      "version": "2.12.3",
      "resolved": "https://registry.npmjs.org/ember-cli/-/ember-cli-2.12.3.tgz",
      "integrity": "sha1-ah4nk/fFn7lw+nEon76IZGDtZ4A=",
      "dev": true,
      "dependencies": {
        "amd-name-resolver": {
          "version": "0.0.6",
          "resolved": "https://registry.npmjs.org/amd-name-resolver/-/amd-name-resolver-0.0.6.tgz",
          "integrity": "sha1-0+S6Lfyqsdggwb6d6UfGeCjP5ZU="
        },
        "find-up": {
          "version": "2.1.0",
          "resolved": "https://registry.npmjs.org/find-up/-/find-up-2.1.0.tgz",
          "integrity": "sha1-RdG35QbHF93UgndaK3eSCjwMV6c="
        },
        "glob": {
          "version": "7.1.1",
          "resolved": "https://registry.npmjs.org/glob/-/glob-7.1.1.tgz",
          "integrity": "sha1-gFIR3wT6rxxjo2ADBs31reULLsg="
        },
        "minimatch": {
          "version": "3.0.4",
          "resolved": "https://registry.npmjs.org/minimatch/-/minimatch-3.0.4.tgz",
          "integrity": "sha512-yJHVQEhyqPLUTgt9B83PXu6W3rx4MvvHvSUvToogpwoGDOUQ+yDrR0HRot+yOCdCO7u4hX3pWft6kWBBcqh0UA=="
        },
        "quick-temp": {
          "version": "0.1.6",
          "resolved": "https://registry.npmjs.org/quick-temp/-/quick-temp-0.1.6.tgz",
          "integrity": "sha1-piQqFcup+c29NBKHtcVp4xjuwwc="
        },
        "rimraf": {
          "version": "2.2.8",
          "resolved": "https://registry.npmjs.org/rimraf/-/rimraf-2.2.8.tgz",
          "integrity": "sha1-5Dm+Kq7jJzIZUnMPmaiSnk/FBYI="
        },
        "underscore.string": {
          "version": "2.3.3",
          "resolved": "https://registry.npmjs.org/underscore.string/-/underscore.string-2.3.3.tgz",
          "integrity": "sha1-ccCL9rQosRM/N+ePo6Icgvcymw0="
        }
      }
    },
    "ember-cli-babel": {
      "version": "5.2.8",
      "resolved": "https://registry.npmjs.org/ember-cli-babel/-/ember-cli-babel-5.2.8.tgz",
      "integrity": "sha512-Mt9OOB5RaZwjde+LYef8EgwNVCAzsYDv4ktshblaXxr4m/Xm5/7/rxEu42RNrYkoy/qWpT9uhaD+JKK4riMf+w=="
    },
    "ember-cli-chai": {
      "version": "0.4.3",
      "resolved": "https://registry.npmjs.org/ember-cli-chai/-/ember-cli-chai-0.4.3.tgz",
      "integrity": "sha1-JEducGUUfikc/65/mJ11ilpai2c=",
      "dev": true,
      "dependencies": {
        "babel-core": {
          "version": "6.26.0",
          "resolved": "https://registry.npmjs.org/babel-core/-/babel-core-6.26.0.tgz",
          "integrity": "sha1-rzL3izGm/O8RnIew/Y2XU/A6C7g="
        },
        "babylon": {
          "version": "6.18.0",
          "resolved": "https://registry.npmjs.org/babylon/-/babylon-6.18.0.tgz",
          "integrity": "sha512-q/UEjfGJ2Cm3oKV71DJz9d25TPnq5rhBVL2Q4fA5wcC3jcrdn7+SssEybFIxwAvvP+YCsCYNKughoF33GxgycQ=="
        },
        "broccoli-babel-transpiler": {
          "version": "6.1.4",
          "resolved": "https://registry.npmjs.org/broccoli-babel-transpiler/-/broccoli-babel-transpiler-6.1.4.tgz",
          "integrity": "sha512-h63g7iOBWdxj0GuZw8kNsyaD1T9weKsY3I+gp3rOefozbHwUesJ43vzLy0jj3t/rbiP2czcJAlyHS48EcRil8Q==",
          "dependencies": {
            "broccoli-merge-trees": {
              "version": "1.2.4",
              "resolved": "https://registry.npmjs.org/broccoli-merge-trees/-/broccoli-merge-trees-1.2.4.tgz",
              "integrity": "sha1-oAFRm7UGfwZYnZGvopQkRaLQ/bU="
            }
          }
        },
        "broccoli-merge-trees": {
          "version": "2.0.0",
          "resolved": "https://registry.npmjs.org/broccoli-merge-trees/-/broccoli-merge-trees-2.0.0.tgz",
          "integrity": "sha1-EK6kbdXOvMi499WlTwqEpPC7kLk="
        },
        "ember-cli-babel": {
          "version": "6.12.0",
          "resolved": "https://registry.npmjs.org/ember-cli-babel/-/ember-cli-babel-6.12.0.tgz",
          "integrity": "sha512-LMwZ3Xf3Q3jQUXaJtLLJsbbhRZRNv/iea64lZ8OgqZp1fh66CSXfmqV3L9QSuYQKPDNqFiu2v6IpOT08C6GU6w=="
        },
        "ember-cli-version-checker": {
          "version": "2.1.0",
          "resolved": "https://registry.npmjs.org/ember-cli-version-checker/-/ember-cli-version-checker-2.1.0.tgz",
          "integrity": "sha512-ssiNyVTp+PphroFum8guHX9py4xU1PCxkRYgb25NxumgjpKTPjhkgTfpRRKXlIQe+/wVMmhf+Uv6w9vSLZKWKQ=="
        },
        "json5": {
          "version": "0.5.1",
          "resolved": "https://registry.npmjs.org/json5/-/json5-0.5.1.tgz",
          "integrity": "sha1-Hq3nrMASA0rYTiOWdn6tn6VJWCE="
        },
        "lodash": {
          "version": "4.17.5",
          "resolved": "https://registry.npmjs.org/lodash/-/lodash-4.17.5.tgz",
          "integrity": "sha512-svL3uiZf1RwhH+cWrfZn3A4+U58wbP0tGVTLQPbjplZxZ8ROD9VLuNgsRniTlLe7OlSqR79RUehXgpBW/s0IQw=="
        },
        "minimatch": {
          "version": "3.0.4",
          "resolved": "https://registry.npmjs.org/minimatch/-/minimatch-3.0.4.tgz",
          "integrity": "sha512-yJHVQEhyqPLUTgt9B83PXu6W3rx4MvvHvSUvToogpwoGDOUQ+yDrR0HRot+yOCdCO7u4hX3pWft6kWBBcqh0UA=="
        }
      }
    },
    "ember-cli-code-coverage": {
      "version": "0.3.12",
      "resolved": "https://registry.npmjs.org/ember-cli-code-coverage/-/ember-cli-code-coverage-0.3.12.tgz",
      "integrity": "sha1-YTmtZD6ILI3XOPa8C0gPz9Oks1E=",
      "dev": true,
      "dependencies": {
        "esprima": {
          "version": "2.7.3",
          "resolved": "https://registry.npmjs.org/esprima/-/esprima-2.7.3.tgz",
          "integrity": "sha1-luO3DVd59q1JzQMmc9HDEnZ7pYE="
        },
        "exists-sync": {
          "version": "0.0.3",
          "resolved": "https://registry.npmjs.org/exists-sync/-/exists-sync-0.0.3.tgz",
          "integrity": "sha1-uRAAC+27ETs3i4L19adjgQdiLc8="
        },
        "fs-extra": {
          "version": "0.26.7",
          "resolved": "https://registry.npmjs.org/fs-extra/-/fs-extra-0.26.7.tgz",
          "integrity": "sha1-muH92UiXeY7at20JGM9C0MMYT6k="
        },
        "source-map": {
          "version": "0.5.6",
          "resolved": "https://registry.npmjs.org/source-map/-/source-map-0.5.6.tgz",
          "integrity": "sha1-dc449SvwczxafwwRjYEzSiu19BI="
        }
      }
    },
    "ember-cli-dependency-checker": {
      "version": "1.4.0",
      "resolved": "https://registry.npmjs.org/ember-cli-dependency-checker/-/ember-cli-dependency-checker-1.4.0.tgz",
      "integrity": "sha1-KxP5d+HuqEP8GiGgAb5spdTvGUI=",
      "dev": true,
      "dependencies": {
        "ansi-regex": {
          "version": "0.2.1",
          "resolved": "https://registry.npmjs.org/ansi-regex/-/ansi-regex-0.2.1.tgz",
          "integrity": "sha1-DY6UaWej2BQ/k+JOKYUl/BsiNfk="
        },
        "ansi-styles": {
          "version": "1.1.0",
          "resolved": "https://registry.npmjs.org/ansi-styles/-/ansi-styles-1.1.0.tgz",
          "integrity": "sha1-6uy/Zs1waIJ2Cy9GkVgrj1XXp94="
        },
        "chalk": {
          "version": "0.5.1",
          "resolved": "https://registry.npmjs.org/chalk/-/chalk-0.5.1.tgz",
          "integrity": "sha1-Zjs6ZItotV0EaQ1JFnqoN4WPIXQ="
        },
        "has-ansi": {
          "version": "0.1.0",
          "resolved": "https://registry.npmjs.org/has-ansi/-/has-ansi-0.1.0.tgz",
          "integrity": "sha1-hPJlqujA5qiKEtcCKJS3VoiUxi4="
        },
        "semver": {
          "version": "4.3.6",
          "resolved": "https://registry.npmjs.org/semver/-/semver-4.3.6.tgz",
          "integrity": "sha1-MAvG4OhjdPe6YQaLWx7NV/xlMto="
        },
        "strip-ansi": {
          "version": "0.3.0",
          "resolved": "https://registry.npmjs.org/strip-ansi/-/strip-ansi-0.3.0.tgz",
          "integrity": "sha1-JfSOoiynkYfzF0pNuHWTR7sSYiA="
        },
        "supports-color": {
          "version": "0.2.0",
          "resolved": "https://registry.npmjs.org/supports-color/-/supports-color-0.2.0.tgz",
          "integrity": "sha1-2S3iaU6z9nMjlz1649i1W0wiGQo="
        }
      }
    },
    "ember-cli-frost-blueprints": {
      "version": "5.0.2",
      "resolved": "https://registry.npmjs.org/ember-cli-frost-blueprints/-/ember-cli-frost-blueprints-5.0.2.tgz",
      "integrity": "sha512-dpWAbQW3TlL/0FZ0QK04L9K6DkSinOqpolGM0JTS70M91fkgjiYjhLDBERwy5Z55DF6EEqjOZLvglRRg3r9ARQ==",
      "dev": true
    },
    "ember-cli-htmlbars": {
      "version": "1.3.4",
      "resolved": "https://registry.npmjs.org/ember-cli-htmlbars/-/ember-cli-htmlbars-1.3.4.tgz",
      "integrity": "sha512-5lycG6z35QHr3WZF1OkVvT+N/GGAVuemtM6m8NUgBWoeA2TqOgPFRcI0eRqoLA0HAfe0R2MReKmMI7y1LEM1+w=="
    },
    "ember-cli-htmlbars-inline-precompile": {
      "version": "0.3.12",
      "resolved": "https://registry.npmjs.org/ember-cli-htmlbars-inline-precompile/-/ember-cli-htmlbars-inline-precompile-0.3.12.tgz",
      "integrity": "sha1-DszNN3F7UYFzc9UfZk1RokZo/yc=",
      "dev": true
    },
    "ember-cli-inject-live-reload": {
      "version": "1.7.0",
      "resolved": "https://registry.npmjs.org/ember-cli-inject-live-reload/-/ember-cli-inject-live-reload-1.7.0.tgz",
      "integrity": "sha512-+0zOwJlf4iR5NcvyeU7E7xU1qDfniP/+mXfNTfAEhHO2eE9sjQvasKV84O1sIIyLk2LMIjFPbGt7uv5fQcIGwg==",
      "dev": true
    },
    "ember-cli-mocha": {
      "version": "0.14.4",
      "resolved": "https://registry.npmjs.org/ember-cli-mocha/-/ember-cli-mocha-0.14.4.tgz",
      "integrity": "sha1-X2OQf5UuxtZgnVUc4yHcg4I7pj8=",
      "dev": true,
      "dependencies": {
        "babel-core": {
          "version": "6.26.0",
          "resolved": "https://registry.npmjs.org/babel-core/-/babel-core-6.26.0.tgz",
          "integrity": "sha1-rzL3izGm/O8RnIew/Y2XU/A6C7g="
        },
        "babylon": {
          "version": "6.18.0",
          "resolved": "https://registry.npmjs.org/babylon/-/babylon-6.18.0.tgz",
          "integrity": "sha512-q/UEjfGJ2Cm3oKV71DJz9d25TPnq5rhBVL2Q4fA5wcC3jcrdn7+SssEybFIxwAvvP+YCsCYNKughoF33GxgycQ=="
        },
        "broccoli-babel-transpiler": {
          "version": "6.1.4",
          "resolved": "https://registry.npmjs.org/broccoli-babel-transpiler/-/broccoli-babel-transpiler-6.1.4.tgz",
          "integrity": "sha512-h63g7iOBWdxj0GuZw8kNsyaD1T9weKsY3I+gp3rOefozbHwUesJ43vzLy0jj3t/rbiP2czcJAlyHS48EcRil8Q==",
          "dependencies": {
            "broccoli-merge-trees": {
              "version": "1.2.4",
              "resolved": "https://registry.npmjs.org/broccoli-merge-trees/-/broccoli-merge-trees-1.2.4.tgz",
              "integrity": "sha1-oAFRm7UGfwZYnZGvopQkRaLQ/bU="
            }
          }
        },
        "broccoli-merge-trees": {
          "version": "2.0.0",
          "resolved": "https://registry.npmjs.org/broccoli-merge-trees/-/broccoli-merge-trees-2.0.0.tgz",
          "integrity": "sha1-EK6kbdXOvMi499WlTwqEpPC7kLk="
        },
        "ember-cli-babel": {
          "version": "6.12.0",
          "resolved": "https://registry.npmjs.org/ember-cli-babel/-/ember-cli-babel-6.12.0.tgz",
          "integrity": "sha512-LMwZ3Xf3Q3jQUXaJtLLJsbbhRZRNv/iea64lZ8OgqZp1fh66CSXfmqV3L9QSuYQKPDNqFiu2v6IpOT08C6GU6w=="
        },
        "ember-cli-version-checker": {
          "version": "2.1.0",
          "resolved": "https://registry.npmjs.org/ember-cli-version-checker/-/ember-cli-version-checker-2.1.0.tgz",
          "integrity": "sha512-ssiNyVTp+PphroFum8guHX9py4xU1PCxkRYgb25NxumgjpKTPjhkgTfpRRKXlIQe+/wVMmhf+Uv6w9vSLZKWKQ=="
        },
        "json5": {
          "version": "0.5.1",
          "resolved": "https://registry.npmjs.org/json5/-/json5-0.5.1.tgz",
          "integrity": "sha1-Hq3nrMASA0rYTiOWdn6tn6VJWCE="
        },
        "lodash": {
          "version": "4.17.5",
          "resolved": "https://registry.npmjs.org/lodash/-/lodash-4.17.5.tgz",
          "integrity": "sha512-svL3uiZf1RwhH+cWrfZn3A4+U58wbP0tGVTLQPbjplZxZ8ROD9VLuNgsRniTlLe7OlSqR79RUehXgpBW/s0IQw=="
        },
        "minimatch": {
          "version": "3.0.4",
          "resolved": "https://registry.npmjs.org/minimatch/-/minimatch-3.0.4.tgz",
          "integrity": "sha512-yJHVQEhyqPLUTgt9B83PXu6W3rx4MvvHvSUvToogpwoGDOUQ+yDrR0HRot+yOCdCO7u4hX3pWft6kWBBcqh0UA=="
        }
      }
    },
    "ember-cli-sass": {
      "version": "7.1.1",
      "resolved": "https://registry.npmjs.org/ember-cli-sass/-/ember-cli-sass-7.1.1.tgz",
      "integrity": "sha512-8CgQB41fWEranryo9zjwBjo5Orxdatz5cJAnM/wc9bRwJV8nQR++usSn0wzuagmP8U33Jiy6MbW+e2esIxMO2w=="
    },
    "ember-cli-shims": {
      "version": "1.2.0",
      "resolved": "https://registry.npmjs.org/ember-cli-shims/-/ember-cli-shims-1.2.0.tgz",
      "integrity": "sha1-D1Ov8Kq4C18p2jqXMbrFYWndlB8=",
      "dev": true,
      "dependencies": {
        "broccoli-merge-trees": {
          "version": "2.0.0",
          "resolved": "https://registry.npmjs.org/broccoli-merge-trees/-/broccoli-merge-trees-2.0.0.tgz",
          "integrity": "sha1-EK6kbdXOvMi499WlTwqEpPC7kLk="
        },
        "ember-cli-version-checker": {
          "version": "2.1.0",
          "resolved": "https://registry.npmjs.org/ember-cli-version-checker/-/ember-cli-version-checker-2.1.0.tgz",
          "integrity": "sha512-ssiNyVTp+PphroFum8guHX9py4xU1PCxkRYgb25NxumgjpKTPjhkgTfpRRKXlIQe+/wVMmhf+Uv6w9vSLZKWKQ=="
        }
      }
    },
    "ember-cli-uglify": {
      "version": "1.2.0",
      "resolved": "https://registry.npmjs.org/ember-cli-uglify/-/ember-cli-uglify-1.2.0.tgz",
      "integrity": "sha1-MgjDK1S8J4MFbouw1c/pu68X/7I=",
      "dev": true
    },
    "ember-computed-decorators": {
      "version": "0.3.0",
      "resolved": "https://registry.npmjs.org/ember-computed-decorators/-/ember-computed-decorators-0.3.0.tgz",
      "integrity": "sha1-QjSK4hT0ZNJmqFEB4x5n5Qu7058="
    },
    "ember-disable-prototype-extensions": {
      "version": "1.1.3",
      "resolved": "https://registry.npmjs.org/ember-disable-prototype-extensions/-/ember-disable-prototype-extensions-1.1.3.tgz",
      "integrity": "sha1-GWkTUhdlS14nj5/i2dTkm1cgMp4=",
      "dev": true
    },
    "ember-export-application-global": {
      "version": "1.1.1",
      "resolved": "https://registry.npmjs.org/ember-export-application-global/-/ember-export-application-global-1.1.1.tgz",
      "integrity": "sha1-8lfVJxJokyqJ1zkmec5NuJ1xVK8=",
      "dev": true
    },
    "ember-frost-core": {
      "version": "8.1.0",
      "resolved": "https://registry.npmjs.org/ember-frost-core/-/ember-frost-core-8.1.0.tgz",
      "integrity": "sha512-r0WaoLviqtT0FPgt9a061O8ij6eMcK9knIXbJGDOFigM7uBmBOZPaRZbhalyoF6VIM13pKqlrktK72MtqVqoeQ==",
      "dependencies": {
        "broccoli-funnel": {
          "version": "2.0.1",
          "resolved": "https://registry.npmjs.org/broccoli-funnel/-/broccoli-funnel-2.0.1.tgz",
          "integrity": "sha512-C8Lnp9TVsSSiZMGEF16C0dCiNg2oJqUKwuZ1K4kVC6qRPG/2Cj/rtB5kRCC9qEbwqhX71bDbfHROx0L3J7zXQg=="
        },
        "broccoli-merge-trees": {
          "version": "2.0.0",
          "resolved": "https://registry.npmjs.org/broccoli-merge-trees/-/broccoli-merge-trees-2.0.0.tgz",
          "integrity": "sha1-EK6kbdXOvMi499WlTwqEpPC7kLk="
        },
        "ember-cli-version-checker": {
          "version": "2.0.0",
          "resolved": "https://registry.npmjs.org/ember-cli-version-checker/-/ember-cli-version-checker-2.0.0.tgz",
          "integrity": "sha1-4ffY5M3NdSrDXxYR5Nqog220xMc="
        },
        "minimatch": {
          "version": "3.0.4",
          "resolved": "https://registry.npmjs.org/minimatch/-/minimatch-3.0.4.tgz",
          "integrity": "sha512-yJHVQEhyqPLUTgt9B83PXu6W3rx4MvvHvSUvToogpwoGDOUQ+yDrR0HRot+yOCdCO7u4hX3pWft6kWBBcqh0UA=="
        }
      }
    },
    "ember-frost-test": {
      "version": "4.0.1",
      "resolved": "https://registry.npmjs.org/ember-frost-test/-/ember-frost-test-4.0.1.tgz",
      "integrity": "sha512-ScP0hQAVoWgjH5rGe7ufxvznqI76/BRgPvtQf15oUk4v3vV3IPv/P8KHKwYxaiL0FG+sfoUGjBMPRxbJT9Ii9w==",
      "dev": true,
      "dependencies": {
        "ansi-styles": {
          "version": "3.2.1",
          "resolved": "https://registry.npmjs.org/ansi-styles/-/ansi-styles-3.2.1.tgz",
          "integrity": "sha512-VT0ZI6kZRdTh8YyJw3SMbYm/u+NqfsAxEpWO0Pf9sq8/e94WxxOpPKx9FR1FlyCtOVDNOQ+8ntlqFxiRc+r5qA=="
        },
        "bluebird": {
          "version": "3.5.1",
          "resolved": "https://registry.npmjs.org/bluebird/-/bluebird-3.5.1.tgz",
          "integrity": "sha512-MKiLiV+I1AA596t9w1sQJ8jkiSr5+ZKi0WKrYGUn6d1Fx+Ij4tIj+m2WMQSGczs5jZVxV339chE8iwk6F64wjA=="
        },
        "chalk": {
          "version": "2.3.2",
          "resolved": "https://registry.npmjs.org/chalk/-/chalk-2.3.2.tgz",
          "integrity": "sha512-ZM4j2/ld/YZDc3Ma8PgN7gyAk+kHMMMyzLNryCPGhWrsfAuDVeuid5bpRFTDgMH9JBK2lA4dyyAkkZYF/WcqDQ=="
        },
        "supports-color": {
          "version": "5.3.0",
          "resolved": "https://registry.npmjs.org/supports-color/-/supports-color-5.3.0.tgz",
          "integrity": "sha512-0aP01LLIskjKs3lq52EC0aGBAJhLq7B2Rd8HC/DR/PtNNpcLilNmHC12O+hu0usQpo7wtHNRqtrhBwtDb0+dNg=="
        }
      }
    },
    "ember-hook": {
      "version": "1.4.2",
      "resolved": "https://registry.npmjs.org/ember-hook/-/ember-hook-1.4.2.tgz",
      "integrity": "sha1-SSKZs4K5IcQbEhXeE6OrDkSPER8=",
      "dependencies": {
        "babel-core": {
          "version": "6.26.0",
          "resolved": "https://registry.npmjs.org/babel-core/-/babel-core-6.26.0.tgz",
          "integrity": "sha1-rzL3izGm/O8RnIew/Y2XU/A6C7g="
        },
        "babylon": {
          "version": "6.18.0",
          "resolved": "https://registry.npmjs.org/babylon/-/babylon-6.18.0.tgz",
          "integrity": "sha512-q/UEjfGJ2Cm3oKV71DJz9d25TPnq5rhBVL2Q4fA5wcC3jcrdn7+SssEybFIxwAvvP+YCsCYNKughoF33GxgycQ=="
        },
        "broccoli-babel-transpiler": {
          "version": "6.1.4",
          "resolved": "https://registry.npmjs.org/broccoli-babel-transpiler/-/broccoli-babel-transpiler-6.1.4.tgz",
          "integrity": "sha512-h63g7iOBWdxj0GuZw8kNsyaD1T9weKsY3I+gp3rOefozbHwUesJ43vzLy0jj3t/rbiP2czcJAlyHS48EcRil8Q=="
        },
        "ember-cli-babel": {
          "version": "6.12.0",
          "resolved": "https://registry.npmjs.org/ember-cli-babel/-/ember-cli-babel-6.12.0.tgz",
          "integrity": "sha512-LMwZ3Xf3Q3jQUXaJtLLJsbbhRZRNv/iea64lZ8OgqZp1fh66CSXfmqV3L9QSuYQKPDNqFiu2v6IpOT08C6GU6w=="
        },
        "ember-cli-version-checker": {
          "version": "2.1.0",
          "resolved": "https://registry.npmjs.org/ember-cli-version-checker/-/ember-cli-version-checker-2.1.0.tgz",
          "integrity": "sha512-ssiNyVTp+PphroFum8guHX9py4xU1PCxkRYgb25NxumgjpKTPjhkgTfpRRKXlIQe+/wVMmhf+Uv6w9vSLZKWKQ=="
        },
        "json5": {
          "version": "0.5.1",
          "resolved": "https://registry.npmjs.org/json5/-/json5-0.5.1.tgz",
          "integrity": "sha1-Hq3nrMASA0rYTiOWdn6tn6VJWCE="
        },
        "lodash": {
          "version": "4.17.5",
          "resolved": "https://registry.npmjs.org/lodash/-/lodash-4.17.5.tgz",
          "integrity": "sha512-svL3uiZf1RwhH+cWrfZn3A4+U58wbP0tGVTLQPbjplZxZ8ROD9VLuNgsRniTlLe7OlSqR79RUehXgpBW/s0IQw=="
        },
        "minimatch": {
          "version": "3.0.4",
          "resolved": "https://registry.npmjs.org/minimatch/-/minimatch-3.0.4.tgz",
          "integrity": "sha512-yJHVQEhyqPLUTgt9B83PXu6W3rx4MvvHvSUvToogpwoGDOUQ+yDrR0HRot+yOCdCO7u4hX3pWft6kWBBcqh0UA=="
        }
      }
    },
    "ember-load-initializers": {
      "version": "0.6.3",
      "resolved": "https://registry.npmjs.org/ember-load-initializers/-/ember-load-initializers-0.6.3.tgz",
      "integrity": "sha1-9HOWrScbp3KUBoyY+ZKl8ZcFRBo=",
      "dev": true
    },
    "ember-resolver": {
      "version": "2.1.1",
      "resolved": "https://registry.npmjs.org/ember-resolver/-/ember-resolver-2.1.1.tgz",
      "integrity": "sha1-Xkwf/+n19I/CGUrXWSJ07QzXT3I=",
      "dev": true
    },
    "ember-sinon": {
      "version": "0.7.0",
      "resolved": "https://registry.npmjs.org/ember-sinon/-/ember-sinon-0.7.0.tgz",
      "integrity": "sha1-Qbg7WxxxYm2ybo/7SlLNq5wDmik=",
      "dev": true
    },
    "ember-source": {
      "version": "2.12.2",
      "resolved": "https://registry.npmjs.org/ember-source/-/ember-source-2.12.2.tgz",
      "integrity": "sha1-AglP2dMMhedxeiQP2KGLKhF7VZQ=",
      "dev": true
    },
    "ember-test-utils": {
      "version": "8.1.1",
      "resolved": "https://registry.npmjs.org/ember-test-utils/-/ember-test-utils-8.1.1.tgz",
      "integrity": "sha512-DpGZFs0gC92jmhgdzwR3VddTa0UQrihNnBR2ywXKTBJzhvtKliNAkNkThE01OU9IU1tTmfsFqmny4tE0gurBbA==",
      "dev": true,
      "dependencies": {
        "ansi-styles": {
          "version": "3.2.1",
          "resolved": "https://registry.npmjs.org/ansi-styles/-/ansi-styles-3.2.1.tgz",
          "integrity": "sha512-VT0ZI6kZRdTh8YyJw3SMbYm/u+NqfsAxEpWO0Pf9sq8/e94WxxOpPKx9FR1FlyCtOVDNOQ+8ntlqFxiRc+r5qA=="
        },
        "chalk": {
          "version": "2.3.2",
          "resolved": "https://registry.npmjs.org/chalk/-/chalk-2.3.2.tgz",
          "integrity": "sha512-ZM4j2/ld/YZDc3Ma8PgN7gyAk+kHMMMyzLNryCPGhWrsfAuDVeuid5bpRFTDgMH9JBK2lA4dyyAkkZYF/WcqDQ=="
        },
        "supports-color": {
          "version": "5.3.0",
          "resolved": "https://registry.npmjs.org/supports-color/-/supports-color-5.3.0.tgz",
          "integrity": "sha512-0aP01LLIskjKs3lq52EC0aGBAJhLq7B2Rd8HC/DR/PtNNpcLilNmHC12O+hu0usQpo7wtHNRqtrhBwtDb0+dNg=="
        }
      }
    },
    "loader.js": {
      "version": "4.7.0",
      "resolved": "https://registry.npmjs.org/loader.js/-/loader.js-4.7.0.tgz",
      "integrity": "sha512-9M2KvGT6duzGMgkOcTkWb+PR/Q2Oe54df/tLgHGVmFpAmtqJ553xJh6N63iFYI2yjo2PeJXbS5skHi/QpJq4vA==",
      "dev": true
    },
    "pr-bumper": {
      "version": "3.7.1",
      "resolved": "https://registry.npmjs.org/pr-bumper/-/pr-bumper-3.7.1.tgz",
      "integrity": "sha512-UjOGZqRJWaimtxji5aaUxV9j/e057GeGcONAdMCLFa5ObrYDEPGdX03EeAmTd2GSOf9bZndQ+MqcTWlDN08EPw==",
      "dev": true,
      "dependencies": {
        "lodash": {
          "version": "4.17.5",
          "resolved": "https://registry.npmjs.org/lodash/-/lodash-4.17.5.tgz",
          "integrity": "sha512-svL3uiZf1RwhH+cWrfZn3A4+U58wbP0tGVTLQPbjplZxZ8ROD9VLuNgsRniTlLe7OlSqR79RUehXgpBW/s0IQw=="
        }
      }
    },
    "sinon-chai": {
      "version": "2.14.0",
      "resolved": "https://registry.npmjs.org/sinon-chai/-/sinon-chai-2.14.0.tgz",
      "integrity": "sha512-9stIF1utB0ywNHNT7RgiXbdmen8QDCRsrTjw+G9TgKt1Yexjiv8TOWZ6WHsTPz57Yky3DIswZvEqX8fpuHNDtQ==",
      "dev": true
    }
  }
}
